// !$*UTF8*$!
{
	archiveVersion = 1;
	classes = {
	};
	objectVersion = 46;
	objects = {

/* Begin PBXBuildFile section */
		5ECEBF721DACD03A002ACD51 /* FavoriteFonts.m in Sources */ = {isa = PBXBuildFile; fileRef = 5ECEBF711DACD03A002ACD51 /* FavoriteFonts.m */; };
		5ECEBF751DACE3F4002ACD51 /* RootViewController.m in Sources */ = {isa = PBXBuildFile; fileRef = 5ECEBF741DACE3F4002ACD51 /* RootViewController.m */; };
		5EFE981B1DAB8D6A002E4D00 /* main.m in Sources */ = {isa = PBXBuildFile; fileRef = 5EFE981A1DAB8D6A002E4D00 /* main.m */; };
		5EFE981E1DAB8D6A002E4D00 /* AppDelegate.m in Sources */ = {isa = PBXBuildFile; fileRef = 5EFE981D1DAB8D6A002E4D00 /* AppDelegate.m */; };
		5EFE98241DAB8D6A002E4D00 /* Main.storyboard in Resources */ = {isa = PBXBuildFile; fileRef = 5EFE98221DAB8D6A002E4D00 /* Main.storyboard */; };
		5EFE98261DAB8D6A002E4D00 /* Assets.xcassets in Resources */ = {isa = PBXBuildFile; fileRef = 5EFE98251DAB8D6A002E4D00 /* Assets.xcassets */; };
		5EFE98291DAB8D6A002E4D00 /* LaunchScreen.storyboard in Resources */ = {isa = PBXBuildFile; fileRef = 5EFE98271DAB8D6A002E4D00 /* LaunchScreen.storyboard */; };
		87AD29B51DD1B5B3003FA0CE /* FontInfoViewController.m in Sources */ = {isa = PBXBuildFile; fileRef = 87AD29B41DD1B5B3003FA0CE /* FontInfoViewController.m */; };
		87D094C61DC1C0F100DA9005 /* FontListTableViewController.m in Sources */ = {isa = PBXBuildFile; fileRef = 87D094C51DC1C0F100DA9005 /* FontListTableViewController.m */; };
		87D094C91DC1F5EC00DA9005 /* FontSizeTableViewController.m in Sources */ = {isa = PBXBuildFile; fileRef = 87D094C81DC1F5EC00DA9005 /* FontSizeTableViewController.m */; };
/* End PBXBuildFile section */

/* Begin PBXFileReference section */
		5ECEBF701DACD03A002ACD51 /* FavoriteFonts.h */ = {isa = PBXFileReference; fileEncoding = 4; lastKnownFileType = sourcecode.c.h; path = FavoriteFonts.h; sourceTree = "<group>"; };
		5ECEBF711DACD03A002ACD51 /* FavoriteFonts.m */ = {isa = PBXFileReference; fileEncoding = 4; lastKnownFileType = sourcecode.c.objc; path = FavoriteFonts.m; sourceTree = "<group>"; };
		5ECEBF731DACE3F4002ACD51 /* RootViewController.h */ = {isa = PBXFileReference; fileEncoding = 4; lastKnownFileType = sourcecode.c.h; path = RootViewController.h; sourceTree = "<group>"; };
		5ECEBF741DACE3F4002ACD51 /* RootViewController.m */ = {isa = PBXFileReference; fileEncoding = 4; lastKnownFileType = sourcecode.c.objc; path = RootViewController.m; sourceTree = "<group>"; };
		5EFE98161DAB8D6A002E4D00 /* Fonts.app */ = {isa = PBXFileReference; explicitFileType = wrapper.application; includeInIndex = 0; path = Fonts.app; sourceTree = BUILT_PRODUCTS_DIR; };
		5EFE981A1DAB8D6A002E4D00 /* main.m */ = {isa = PBXFileReference; lastKnownFileType = sourcecode.c.objc; path = main.m; sourceTree = "<group>"; };
		5EFE981C1DAB8D6A002E4D00 /* AppDelegate.h */ = {isa = PBXFileReference; lastKnownFileType = sourcecode.c.h; path = AppDelegate.h; sourceTree = "<group>"; };
		5EFE981D1DAB8D6A002E4D00 /* AppDelegate.m */ = {isa = PBXFileReference; lastKnownFileType = sourcecode.c.objc; path = AppDelegate.m; sourceTree = "<group>"; };
		5EFE98231DAB8D6A002E4D00 /* Base */ = {isa = PBXFileReference; lastKnownFileType = file.storyboard; name = Base; path = Base.lproj/Main.storyboard; sourceTree = "<group>"; };
		5EFE98251DAB8D6A002E4D00 /* Assets.xcassets */ = {isa = PBXFileReference; lastKnownFileType = folder.assetcatalog; path = Assets.xcassets; sourceTree = "<group>"; };
		5EFE98281DAB8D6A002E4D00 /* Base */ = {isa = PBXFileReference; lastKnownFileType = file.storyboard; name = Base; path = Base.lproj/LaunchScreen.storyboard; sourceTree = "<group>"; };
		5EFE982A1DAB8D6A002E4D00 /* Info.plist */ = {isa = PBXFileReference; lastKnownFileType = text.plist.xml; path = Info.plist; sourceTree = "<group>"; };
		87AD29B31DD1B5B3003FA0CE /* FontInfoViewController.h */ = {isa = PBXFileReference; fileEncoding = 4; lastKnownFileType = sourcecode.c.h; path = FontInfoViewController.h; sourceTree = "<group>"; };
		87AD29B41DD1B5B3003FA0CE /* FontInfoViewController.m */ = {isa = PBXFileReference; fileEncoding = 4; lastKnownFileType = sourcecode.c.objc; path = FontInfoViewController.m; sourceTree = "<group>"; };
		87D094C41DC1C0F100DA9005 /* FontListTableViewController.h */ = {isa = PBXFileReference; fileEncoding = 4; lastKnownFileType = sourcecode.c.h; path = FontListTableViewController.h; sourceTree = "<group>"; };
		87D094C51DC1C0F100DA9005 /* FontListTableViewController.m */ = {isa = PBXFileReference; fileEncoding = 4; lastKnownFileType = sourcecode.c.objc; path = FontListTableViewController.m; sourceTree = "<group>"; };
		87D094C71DC1F5EC00DA9005 /* FontSizeTableViewController.h */ = {isa = PBXFileReference; fileEncoding = 4; lastKnownFileType = sourcecode.c.h; path = FontSizeTableViewController.h; sourceTree = "<group>"; };
		87D094C81DC1F5EC00DA9005 /* FontSizeTableViewController.m */ = {isa = PBXFileReference; fileEncoding = 4; lastKnownFileType = sourcecode.c.objc; path = FontSizeTableViewController.m; sourceTree = "<group>"; };
/* End PBXFileReference section */

/* Begin PBXFrameworksBuildPhase section */
		5EFE98131DAB8D6A002E4D00 /* Frameworks */ = {
			isa = PBXFrameworksBuildPhase;
			buildActionMask = 2147483647;
			files = (
			);
			runOnlyForDeploymentPostprocessing = 0;
		};
/* End PBXFrameworksBuildPhase section */

/* Begin PBXGroup section */
		5EFE980D1DAB8D6A002E4D00 = {
			isa = PBXGroup;
			children = (
				5EFE98181DAB8D6A002E4D00 /* Fonts */,
				5EFE98171DAB8D6A002E4D00 /* Products */,
			);
			sourceTree = "<group>";
		};
		5EFE98171DAB8D6A002E4D00 /* Products */ = {
			isa = PBXGroup;
			children = (
				5EFE98161DAB8D6A002E4D00 /* Fonts.app */,
			);
			name = Products;
			sourceTree = "<group>";
		};
		5EFE98181DAB8D6A002E4D00 /* Fonts */ = {
			isa = PBXGroup;
			children = (
				5EFE981C1DAB8D6A002E4D00 /* AppDelegate.h */,
				5EFE981D1DAB8D6A002E4D00 /* AppDelegate.m */,
				5EFE98221DAB8D6A002E4D00 /* Main.storyboard */,
				5EFE98251DAB8D6A002E4D00 /* Assets.xcassets */,
				5EFE98271DAB8D6A002E4D00 /* LaunchScreen.storyboard */,
				5EFE982A1DAB8D6A002E4D00 /* Info.plist */,
				5EFE98191DAB8D6A002E4D00 /* Supporting Files */,
				5ECEBF701DACD03A002ACD51 /* FavoriteFonts.h */,
				5ECEBF711DACD03A002ACD51 /* FavoriteFonts.m */,
				5ECEBF731DACE3F4002ACD51 /* RootViewController.h */,
				5ECEBF741DACE3F4002ACD51 /* RootViewController.m */,
				87D094C41DC1C0F100DA9005 /* FontListTableViewController.h */,
				87D094C51DC1C0F100DA9005 /* FontListTableViewController.m */,
				87D094C71DC1F5EC00DA9005 /* FontSizeTableViewController.h */,
				87D094C81DC1F5EC00DA9005 /* FontSizeTableViewController.m */,
				87AD29B31DD1B5B3003FA0CE /* FontInfoViewController.h */,
				87AD29B41DD1B5B3003FA0CE /* FontInfoViewController.m */,
			);
			path = Fonts;
			sourceTree = "<group>";
		};
		5EFE98191DAB8D6A002E4D00 /* Supporting Files */ = {
			isa = PBXGroup;
			children = (
				5EFE981A1DAB8D6A002E4D00 /* main.m */,
			);
			name = "Supporting Files";
			sourceTree = "<group>";
		};
/* End PBXGroup section */

/* Begin PBXNativeTarget section */
		5EFE98151DAB8D6A002E4D00 /* Fonts */ = {
			isa = PBXNativeTarget;
			buildConfigurationList = 5EFE982D1DAB8D6A002E4D00 /* Build configuration list for PBXNativeTarget "Fonts" */;
			buildPhases = (
				5EFE98121DAB8D6A002E4D00 /* Sources */,
				5EFE98131DAB8D6A002E4D00 /* Frameworks */,
				5EFE98141DAB8D6A002E4D00 /* Resources */,
			);
			buildRules = (
			);
			dependencies = (
			);
			name = Fonts;
			productName = Fonts;
			productReference = 5EFE98161DAB8D6A002E4D00 /* Fonts.app */;
			productType = "com.apple.product-type.application";
		};
/* End PBXNativeTarget section */

/* Begin PBXProject section */
		5EFE980E1DAB8D6A002E4D00 /* Project object */ = {
			isa = PBXProject;
			attributes = {
				LastUpgradeCheck = 0730;
				ORGANIZATIONNAME = "母壤";
				TargetAttributes = {
					5EFE98151DAB8D6A002E4D00 = {
						CreatedOnToolsVersion = 7.3.1;
						DevelopmentTeam = BRG5GV5QWJ;
					};
				};
			};
			buildConfigurationList = 5EFE98111DAB8D6A002E4D00 /* Build configuration list for PBXProject "Fonts" */;
			compatibilityVersion = "Xcode 3.2";
			developmentRegion = English;
			hasScannedForEncodings = 0;
			knownRegions = (
				en,
				Base,
			);
			mainGroup = 5EFE980D1DAB8D6A002E4D00;
			productRefGroup = 5EFE98171DAB8D6A002E4D00 /* Products */;
			projectDirPath = "";
			projectRoot = "";
			targets = (
				5EFE98151DAB8D6A002E4D00 /* Fonts */,
			);
		};
/* End PBXProject section */

/* Begin PBXResourcesBuildPhase section */
		5EFE98141DAB8D6A002E4D00 /* Resources */ = {
			isa = PBXResourcesBuildPhase;
			buildActionMask = 2147483647;
			files = (
				5EFE98291DAB8D6A002E4D00 /* LaunchScreen.storyboard in Resources */,
				5EFE98261DAB8D6A002E4D00 /* Assets.xcassets in Resources */,
				5EFE98241DAB8D6A002E4D00 /* Main.storyboard in Resources */,
			);
			runOnlyForDeploymentPostprocessing = 0;
		};
/* End PBXResourcesBuildPhase section */

/* Begin PBXSourcesBuildPhase section */
		5EFE98121DAB8D6A002E4D00 /* Sources */ = {
			isa = PBXSourcesBuildPhase;
			buildActionMask = 2147483647;
			files = (
				5ECEBF721DACD03A002ACD51 /* FavoriteFonts.m in Sources */,
				87AD29B51DD1B5B3003FA0CE /* FontInfoViewController.m in Sources */,
				87D094C91DC1F5EC00DA9005 /* FontSizeTableViewController.m in Sources */,
				5EFE981E1DAB8D6A002E4D00 /* AppDelegate.m in Sources */,
				87D094C61DC1C0F100DA9005 /* FontListTableViewController.m in Sources */,
				5ECEBF751DACE3F4002ACD51 /* RootViewController.m in Sources */,
				5EFE981B1DAB8D6A002E4D00 /* main.m in Sources */,
			);
			runOnlyForDeploymentPostprocessing = 0;
		};
/* End PBXSourcesBuildPhase section */

/* Begin PBXVariantGroup section */
		5EFE98221DAB8D6A002E4D00 /* Main.storyboard */ = {
			isa = PBXVariantGroup;
			children = (
				5EFE98231DAB8D6A002E4D00 /* Base */,
			);
			name = Main.storyboard;
			sourceTree = "<group>";
		};
		5EFE98271DAB8D6A002E4D00 /* LaunchScreen.storyboard */ = {
			isa = PBXVariantGroup;
			children = (
				5EFE98281DAB8D6A002E4D00 /* Base */,
			);
			name = LaunchScreen.storyboard;
			sourceTree = "<group>";
		};
/* End PBXVariantGroup section */

/* Begin XCBuildConfiguration section */
		5EFE982B1DAB8D6A002E4D00 /* Debug */ = {
			isa = XCBuildConfiguration;
			buildSettings = {
				ALWAYS_SEARCH_USER_PATHS = NO;
				CLANG_ANALYZER_NONNULL = YES;
				CLANG_CXX_LANGUAGE_STANDARD = "gnu++0x";
				CLANG_CXX_LIBRARY = "libc++";
				CLANG_ENABLE_MODULES = YES;
				CLANG_ENABLE_OBJC_ARC = YES;
				CLANG_WARN_BOOL_CONVERSION = YES;
				CLANG_WARN_CONSTANT_CONVERSION = YES;
				CLANG_WARN_DIRECT_OBJC_ISA_USAGE = YES_ERROR;
				CLANG_WARN_EMPTY_BODY = YES;
				CLANG_WARN_ENUM_CONVERSION = YES;
				CLANG_WARN_INT_CONVERSION = YES;
				CLANG_WARN_OBJC_ROOT_CLASS = YES_ERROR;
				CLANG_WARN_UNREACHABLE_CODE = YES;
				CLANG_WARN__DUPLICATE_METHOD_MATCH = YES;
				"CODE_SIGN_IDENTITY[sdk=iphoneos*]" = "iPhone Developer";
				COPY_PHASE_STRIP = NO;
				DEBUG_INFORMATION_FORMAT = dwarf;
				ENABLE_STRICT_OBJC_MSGSEND = YES;
				ENABLE_TESTABILITY = YES;
				GCC_C_LANGUAGE_STANDARD = gnu99;
				GCC_DYNAMIC_NO_PIC = NO;
				GCC_NO_COMMON_BLOCKS = YES;
				GCC_OPTIMIZATION_LEVEL = 0;
				GCC_PREPROCESSOR_DEFINITIONS = (
					"DEBUG=1",
					"$(inherited)",
				);
				GCC_WARN_64_TO_32_BIT_CONVERSION = YES;
				GCC_WARN_ABOUT_RETURN_TYPE = YES_ERROR;
				GCC_WARN_UNDECLARED_SELECTOR = YES;
				GCC_WARN_UNINITIALIZED_AUTOS = YES_AGGRESSIVE;
				GCC_WARN_UNUSED_FUNCTION = YES;
				GCC_WARN_UNUSED_VARIABLE = YES;
				IPHONEOS_DEPLOYMENT_TARGET = 9.3;
				MTL_ENABLE_DEBUG_INFO = YES;
				ONLY_ACTIVE_ARCH = YES;
				SDKROOT = iphoneos;
				TARGETED_DEVICE_FAMILY = "1,2";
			};
			name = Debug;
		};
		5EFE982C1DAB8D6A002E4D00 /* Release */ = {
			isa = XCBuildConfiguration;
			buildSettings = {
				ALWAYS_SEARCH_USER_PATHS = NO;
				CLANG_ANALYZER_NONNULL = YES;
				CLANG_CXX_LANGUAGE_STANDARD = "gnu++0x";
				CLANG_CXX_LIBRARY = "libc++";
				CLANG_ENABLE_MODULES = YES;
				CLANG_ENABLE_OBJC_ARC = YES;
				CLANG_WARN_BOOL_CONVERSION = YES;
				CLANG_WARN_CONSTANT_CONVERSION = YES;
				CLANG_WARN_DIRECT_OBJC_ISA_USAGE = YES_ERROR;
				CLANG_WARN_EMPTY_BODY = YES;
				CLANG_WARN_ENUM_CONVERSION = YES;
				CLANG_WARN_INT_CONVERSION = YES;
				CLANG_WARN_OBJC_ROOT_CLASS = YES_ERROR;
				CLANG_WARN_UNREACHABLE_CODE = YES;
				CLANG_WARN__DUPLICATE_METHOD_MATCH = YES;
				"CODE_SIGN_IDENTITY[sdk=iphoneos*]" = "iPhone Developer";
				COPY_PHASE_STRIP = NO;
				DEBUG_INFORMATION_FORMAT = "dwarf-with-dsym";
				ENABLE_NS_ASSERTIONS = NO;
				ENABLE_STRICT_OBJC_MSGSEND = YES;
				GCC_C_LANGUAGE_STANDARD = gnu99;
				GCC_NO_COMMON_BLOCKS = YES;
				GCC_WARN_64_TO_32_BIT_CONVERSION = YES;
				GCC_WARN_ABOUT_RETURN_TYPE = YES_ERROR;
				GCC_WARN_UNDECLARED_SELECTOR = YES;
				GCC_WARN_UNINITIALIZED_AUTOS = YES_AGGRESSIVE;
				GCC_WARN_UNUSED_FUNCTION = YES;
				GCC_WARN_UNUSED_VARIABLE = YES;
				IPHONEOS_DEPLOYMENT_TARGET = 9.3;
				MTL_ENABLE_DEBUG_INFO = NO;
				SDKROOT = iphoneos;
				TARGETED_DEVICE_FAMILY = "1,2";
				VALIDATE_PRODUCT = YES;
			};
			name = Release;
		};
		5EFE982E1DAB8D6A002E4D00 /* Debug */ = {
			isa = XCBuildConfiguration;
			buildSettings = {
				ASSETCATALOG_COMPILER_APPICON_NAME = AppIcon;
				CODE_SIGN_IDENTITY = "iPhone Developer";
				INFOPLIST_FILE = Fonts/Info.plist;
				LD_RUNPATH_SEARCH_PATHS = "$(inherited) @executable_path/Frameworks";
				PRODUCT_BUNDLE_IDENTIFIER = com.ash.testoc.Fonts;
				PRODUCT_NAME = "$(TARGET_NAME)";
			};
			name = Debug;
		};
		5EFE982F1DAB8D6A002E4D00 /* Release */ = {
			isa = XCBuildConfiguration;
			buildSettings = {
				ASSETCATALOG_COMPILER_APPICON_NAME = AppIcon;
				CODE_SIGN_IDENTITY = "iPhone Developer";
				INFOPLIST_FILE = Fonts/Info.plist;
				LD_RUNPATH_SEARCH_PATHS = "$(inherited) @executable_path/Frameworks";
				PRODUCT_BUNDLE_IDENTIFIER = com.ash.testoc.Fonts;
				PRODUCT_NAME = "$(TARGET_NAME)";
			};
			name = Release;
		};
/* End XCBuildConfiguration section */

/* Begin XCConfigurationList section */
		5EFE98111DAB8D6A002E4D00 /* Build configuration list for PBXProject "Fonts" */ = {
			isa = XCConfigurationList;
			buildConfigurations = (
				5EFE982B1DAB8D6A002E4D00 /* Debug */,
				5EFE982C1DAB8D6A002E4D00 /* Release */,
			);
			defaultConfigurationIsVisible = 0;
			defaultConfigurationName = Release;
		};
		5EFE982D1DAB8D6A002E4D00 /* Build configuration list for PBXNativeTarget "Fonts" */ = {
			isa = XCConfigurationList;
			buildConfigurations = (
				5EFE982E1DAB8D6A002E4D00 /* Debug */,
				5EFE982F1DAB8D6A002E4D00 /* Release */,
			);
			defaultConfigurationIsVisible = 0;
			defaultConfigurationName = Release;
		};
/* End XCConfigurationList section */
	};
	rootObject = 5EFE980E1DAB8D6A002E4D00 /* Project object */;
}
